Microsoft Visual Studio Solution File, Format Version 12.00
# Visual Studio Version 17
VisualStudioVersion = 17.5.2.0
MinimumVisualStudioVersion = 10.0.40219.1
Project("{FAE04EC0-301F-11D3-BF4B-00C04F79EFBC}") = "picture3dFix", "picture3dFix.csproj", "{493090BF-3E99-F8D6-C9C1-F1159DACE3A9}"
EndProject
Global
	GlobalSection(SolutionConfigurationPlatforms) = preSolution
		Debug|Any CPU = Debug|Any CPU
		Release|Any CPU = Release|Any CPU
	EndGlobalSection
	GlobalSection(ProjectConfigurationPlatforms) = postSolution
		{493090BF-3E99-F8D6-C9C1-F1159DACE3A9}.Debug|Any CPU.ActiveCfg = Debug|Any CPU
		{493090BF-3E99-F8D6-C9C1-F1159DACE3A9}.Debug|Any CPU.Build.0 = Debug|Any CPU
		{493090BF-3E99-F8D6-C9C1-F1159DACE3A9}.Release|Any CPU.ActiveCfg = Release|Any CPU
		{493090BF-3E99-F8D6-C9C1-F1159DACE3A9}.Release|Any CPU.Build.0 = Release|Any CPU
	EndGlobalSection
	GlobalSection(SolutionProperties) = preSolution
		HideSolutionNode = FALSE
	EndGlobalSection
	GlobalSection(ExtensibilityGlobals) = postSolution
		SolutionGuid = {1056C916-F8D4-4DC7-B266-F2D850D7F953}
	EndGlobalSection
EndGlobal
